
Microsoft Visual Studio Solution File, Format Version 12.00
# Visual Studio Version 17
VisualStudioVersion = 17.14.36203.30 d17.14
MinimumVisualStudioVersion = 10.0.40219.1
Project("{FAE04EC0-301F-11D3-BF4B-00C04F79EFBC}") = "GrpcContracts", "GrpcContracts.csproj", "{0DF72D90-32E3-48CA-A7D7-9998FBD957FA}"
EndProject
Global
	GlobalSection(SolutionConfigurationPlatforms) = preSolution
		Debug|Any CPU = Debug|Any CPU
		Release|Any CPU = Release|Any CPU
	EndGlobalSection
	GlobalSection(ProjectConfigurationPlatforms) = postSolution
		{0DF72D90-32E3-48CA-A7D7-9998FBD957FA}.Debug|Any CPU.ActiveCfg = Debug|Any CPU
		{0DF72D90-32E3-48CA-A7D7-9998FBD957FA}.Debug|Any CPU.Build.0 = Debug|Any CPU
		{0DF72D90-32E3-48CA-A7D7-9998FBD957FA}.Release|Any CPU.ActiveCfg = Release|Any CPU
		{0DF72D90-32E3-48CA-A7D7-9998FBD957FA}.Release|Any CPU.Build.0 = Release|Any CPU
	EndGlobalSection
	GlobalSection(SolutionProperties) = preSolution
		HideSolutionNode = FALSE
	EndGlobalSection
	GlobalSection(ExtensibilityGlobals) = postSolution
		SolutionGuid = {3C578C57-65B1-4B60-A09A-43E9B4AC3849}
	EndGlobalSection
EndGlobal
